
Microsoft Visual Studio Solution File, Format Version 12.00
Project("{FAE04EC0-301F-11D3-BF4B-00C04F79EFBC}") = "armada_test", "armada_test.csproj", "{7AB455AA-85A8-4001-B5F4-D4446EC229BC}"
EndProject
Project("{2150E333-8FDC-42A3-9474-1A3956D46DE8}") = "Solution Items", "Solution Items", "{BAEE9375-4B53-4901-8604-526333B4EADE}"
	ProjectSection(SolutionItems) = preProject
		docker-compose.yaml = docker-compose.yaml
	EndProjectSection
EndProject
Global
	GlobalSection(SolutionConfigurationPlatforms) = preSolution
		Debug|Any CPU = Debug|Any CPU
		Release|Any CPU = Release|Any CPU
	EndGlobalSection
	GlobalSection(ProjectConfigurationPlatforms) = postSolution
		{7AB455AA-85A8-4001-B5F4-D4446EC229BC}.Debug|Any CPU.ActiveCfg = Debug|Any CPU
		{7AB455AA-85A8-4001-B5F4-D4446EC229BC}.Debug|Any CPU.Build.0 = Debug|Any CPU
		{7AB455AA-85A8-4001-B5F4-D4446EC229BC}.Release|Any CPU.ActiveCfg = Release|Any CPU
		{7AB455AA-85A8-4001-B5F4-D4446EC229BC}.Release|Any CPU.Build.0 = Release|Any CPU
	EndGlobalSection
EndGlobal
